
Microsoft Visual Studio Solution File, Format Version 12.00
# Visual Studio Version 16
VisualStudioVersion = 16.0.31624.102
MinimumVisualStudioVersion = 10.0.40219.1
Project("{FAE04EC0-301F-11D3-BF4B-00C04F79EFBC}") = "No.002 Dead Ants", "No.002 Dead Ants\No.002 Dead Ants.csproj", "{53BD8518-6712-48F0-9F3A-F6C077EC4EE4}"
EndProject
Project("{FAE04EC0-301F-11D3-BF4B-00C04F79EFBC}") = "No.002 Dead AntsTests", "No.002 Dead AntsTests\No.002 Dead AntsTests.csproj", "{D6427D53-BF9E-4F72-883A-BF67A5A7EEC6}"
EndProject
Global
	GlobalSection(SolutionConfigurationPlatforms) = preSolution
		Debug|Any CPU = Debug|Any CPU
		Release|Any CPU = Release|Any CPU
	EndGlobalSection
	GlobalSection(ProjectConfigurationPlatforms) = postSolution
		{53BD8518-6712-48F0-9F3A-F6C077EC4EE4}.Debug|Any CPU.ActiveCfg = Debug|Any CPU
		{53BD8518-6712-48F0-9F3A-F6C077EC4EE4}.Debug|Any CPU.Build.0 = Debug|Any CPU
		{53BD8518-6712-48F0-9F3A-F6C077EC4EE4}.Release|Any CPU.ActiveCfg = Release|Any CPU
		{53BD8518-6712-48F0-9F3A-F6C077EC4EE4}.Release|Any CPU.Build.0 = Release|Any CPU
		{D6427D53-BF9E-4F72-883A-BF67A5A7EEC6}.Debug|Any CPU.ActiveCfg = Debug|Any CPU
		{D6427D53-BF9E-4F72-883A-BF67A5A7EEC6}.Debug|Any CPU.Build.0 = Debug|Any CPU
		{D6427D53-BF9E-4F72-883A-BF67A5A7EEC6}.Release|Any CPU.ActiveCfg = Release|Any CPU
		{D6427D53-BF9E-4F72-883A-BF67A5A7EEC6}.Release|Any CPU.Build.0 = Release|Any CPU
	EndGlobalSection
	GlobalSection(SolutionProperties) = preSolution
		HideSolutionNode = FALSE
	EndGlobalSection
	GlobalSection(ExtensibilityGlobals) = postSolution
		SolutionGuid = {B24C807A-AC81-4B3C-B260-A9E25167B36C}
	EndGlobalSection
EndGlobal
